
Microsoft Visual Studio Solution File, Format Version 12.00
# Visual Studio Version 17
VisualStudioVersion = 17.5.2.0
MinimumVisualStudioVersion = 10.0.40219.1
Project("{FAE04EC0-301F-11D3-BF4B-00C04F79EFBC}") = "2.Dönem 2.Ders", "2.Dönem 2.Ders.csproj", "{219038E8-C40E-FA3B-4FAC-25769E3A983B}"
EndProject
Global
	GlobalSection(SolutionConfigurationPlatforms) = preSolution
		Debug|Any CPU = Debug|Any CPU
		Release|Any CPU = Release|Any CPU
	EndGlobalSection
	GlobalSection(ProjectConfigurationPlatforms) = postSolution
		{219038E8-C40E-FA3B-4FAC-25769E3A983B}.Debug|Any CPU.ActiveCfg = Debug|Any CPU
		{219038E8-C40E-FA3B-4FAC-25769E3A983B}.Debug|Any CPU.Build.0 = Debug|Any CPU
		{219038E8-C40E-FA3B-4FAC-25769E3A983B}.Release|Any CPU.ActiveCfg = Release|Any CPU
		{219038E8-C40E-FA3B-4FAC-25769E3A983B}.Release|Any CPU.Build.0 = Release|Any CPU
	EndGlobalSection
	GlobalSection(SolutionProperties) = preSolution
		HideSolutionNode = FALSE
	EndGlobalSection
	GlobalSection(ExtensibilityGlobals) = postSolution
		SolutionGuid = {280D8EAA-484E-4483-89EE-66FB0C30CFF3}
	EndGlobalSection
EndGlobal
